
Microsoft Visual Studio Solution File, Format Version 12.00
# Visual Studio Version 17
VisualStudioVersion = 17.8.34330.188
MinimumVisualStudioVersion = 10.0.40219.1
Project("{FAE04EC0-301F-11D3-BF4B-00C04F79EFBC}") = "AHAKTVPLAYER", "AHAKTVPLAYER\AHAKTVPLAYER.csproj", "{AE7AD924-53D9-4B34-B7D6-AD98262DAED4}"
EndProject
Project("{2150E333-8FDC-42A3-9474-1A3956D46DE8}") = "ffmpeg_binaries", "ffmpeg_binaries", "{0D892442-EFA6-4E60-A528-BC20725413BA}"
	ProjectSection(SolutionItems) = preProject
		..\..\..\FFMPEG\ffmpeg-2023-12-23-git-f5f414d9c4-full_build\ffmpeg-2023-12-23-git-f5f414d9c4-full_build\bin\avcodec-60.dll = ..\..\..\FFMPEG\ffmpeg-2023-12-23-git-f5f414d9c4-full_build\ffmpeg-2023-12-23-git-f5f414d9c4-full_build\bin\avcodec-60.dll
		..\..\..\FFMPEG\ffmpeg-2023-12-23-git-f5f414d9c4-full_build\ffmpeg-2023-12-23-git-f5f414d9c4-full_build\bin\avdevice-60.dll = ..\..\..\FFMPEG\ffmpeg-2023-12-23-git-f5f414d9c4-full_build\ffmpeg-2023-12-23-git-f5f414d9c4-full_build\bin\avdevice-60.dll
		..\..\..\FFMPEG\ffmpeg-2023-12-23-git-f5f414d9c4-full_build\ffmpeg-2023-12-23-git-f5f414d9c4-full_build\bin\avfilter-9.dll = ..\..\..\FFMPEG\ffmpeg-2023-12-23-git-f5f414d9c4-full_build\ffmpeg-2023-12-23-git-f5f414d9c4-full_build\bin\avfilter-9.dll
		..\..\..\FFMPEG\ffmpeg-2023-12-23-git-f5f414d9c4-full_build\ffmpeg-2023-12-23-git-f5f414d9c4-full_build\bin\avformat-60.dll = ..\..\..\FFMPEG\ffmpeg-2023-12-23-git-f5f414d9c4-full_build\ffmpeg-2023-12-23-git-f5f414d9c4-full_build\bin\avformat-60.dll
		..\..\..\FFMPEG\ffmpeg-2023-12-23-git-f5f414d9c4-full_build\ffmpeg-2023-12-23-git-f5f414d9c4-full_build\bin\avutil-58.dll = ..\..\..\FFMPEG\ffmpeg-2023-12-23-git-f5f414d9c4-full_build\ffmpeg-2023-12-23-git-f5f414d9c4-full_build\bin\avutil-58.dll
		..\..\..\FFMPEG\ffmpeg-2023-12-23-git-f5f414d9c4-full_build\ffmpeg-2023-12-23-git-f5f414d9c4-full_build\bin\ffmpeg.exe = ..\..\..\FFMPEG\ffmpeg-2023-12-23-git-f5f414d9c4-full_build\ffmpeg-2023-12-23-git-f5f414d9c4-full_build\bin\ffmpeg.exe
		..\..\..\FFMPEG\ffmpeg-2023-12-23-git-f5f414d9c4-full_build\ffmpeg-2023-12-23-git-f5f414d9c4-full_build\bin\ffplay.exe = ..\..\..\FFMPEG\ffmpeg-2023-12-23-git-f5f414d9c4-full_build\ffmpeg-2023-12-23-git-f5f414d9c4-full_build\bin\ffplay.exe
		..\..\..\FFMPEG\ffmpeg-2023-12-23-git-f5f414d9c4-full_build\ffmpeg-2023-12-23-git-f5f414d9c4-full_build\bin\ffprobe.exe = ..\..\..\FFMPEG\ffmpeg-2023-12-23-git-f5f414d9c4-full_build\ffmpeg-2023-12-23-git-f5f414d9c4-full_build\bin\ffprobe.exe
		..\..\..\FFMPEG\ffmpeg-2023-12-23-git-f5f414d9c4-full_build\ffmpeg-2023-12-23-git-f5f414d9c4-full_build\bin\postproc-57.dll = ..\..\..\FFMPEG\ffmpeg-2023-12-23-git-f5f414d9c4-full_build\ffmpeg-2023-12-23-git-f5f414d9c4-full_build\bin\postproc-57.dll
		..\..\..\FFMPEG\ffmpeg-2023-12-23-git-f5f414d9c4-full_build\ffmpeg-2023-12-23-git-f5f414d9c4-full_build\bin\swresample-4.dll = ..\..\..\FFMPEG\ffmpeg-2023-12-23-git-f5f414d9c4-full_build\ffmpeg-2023-12-23-git-f5f414d9c4-full_build\bin\swresample-4.dll
		..\..\..\FFMPEG\ffmpeg-2023-12-23-git-f5f414d9c4-full_build\ffmpeg-2023-12-23-git-f5f414d9c4-full_build\bin\swscale-7.dll = ..\..\..\FFMPEG\ffmpeg-2023-12-23-git-f5f414d9c4-full_build\ffmpeg-2023-12-23-git-f5f414d9c4-full_build\bin\swscale-7.dll
	EndProjectSection
EndProject
Global
	GlobalSection(SolutionConfigurationPlatforms) = preSolution
		Debug|Any CPU = Debug|Any CPU
		Release|Any CPU = Release|Any CPU
	EndGlobalSection
	GlobalSection(ProjectConfigurationPlatforms) = postSolution
		{AE7AD924-53D9-4B34-B7D6-AD98262DAED4}.Debug|Any CPU.ActiveCfg = Debug|Any CPU
		{AE7AD924-53D9-4B34-B7D6-AD98262DAED4}.Debug|Any CPU.Build.0 = Debug|Any CPU
		{AE7AD924-53D9-4B34-B7D6-AD98262DAED4}.Release|Any CPU.ActiveCfg = Release|Any CPU
		{AE7AD924-53D9-4B34-B7D6-AD98262DAED4}.Release|Any CPU.Build.0 = Release|Any CPU
	EndGlobalSection
	GlobalSection(SolutionProperties) = preSolution
		HideSolutionNode = FALSE
	EndGlobalSection
	GlobalSection(ExtensibilityGlobals) = postSolution
		SolutionGuid = {9C8F29BA-D380-48E5-B046-592C76CA975C}
	EndGlobalSection
EndGlobal
